
Microsoft Visual Studio Solution File, Format Version 12.00
# Visual Studio 2012
Project("{FAE04EC0-301F-11D3-BF4B-00C04F79EFBC}") = "CongresoVisible.ViewModels", "CongresoVisible.ViewModels\CongresoVisible.ViewModels.csproj", "{CF477CAF-84F8-40FB-B971-C413E0B0F57B}"
EndProject
Project("{FAE04EC0-301F-11D3-BF4B-00C04F79EFBC}") = "CongresoVisible.Models", "CongresoVisible.Models\CongresoVisible.Models.csproj", "{C243C284-B80D-42DA-BD48-AC88F060B3B5}"
EndProject
Project("{FAE04EC0-301F-11D3-BF4B-00C04F79EFBC}") = "Infrastructure.Common", "Infrastructure.Common\Infrastructure.Common.csproj", "{AD36BD6F-07B5-4C3B-A196-1EA714E58F76}"
EndProject
Project("{FAE04EC0-301F-11D3-BF4B-00C04F79EFBC}") = "CongresoVisible.Services", "CongresoVisible.Services\CongresoVisible.Services.csproj", "{B4844109-BDDF-43CA-A7C0-9F6073CE7960}"
EndProject
Project("{2150E333-8FDC-42A3-9474-1A3956D46DE8}") = "Common", "Common", "{04353D88-88F2-4837-B750-AF4C09271B12}"
EndProject
Project("{2150E333-8FDC-42A3-9474-1A3956D46DE8}") = "UI", "UI", "{58FD55E1-6E66-4DCF-92E5-F922F0A43D60}"
EndProject
Project("{2150E333-8FDC-42A3-9474-1A3956D46DE8}") = "Business Logic", "Business Logic", "{444CABE9-2F3A-478F-AF7C-FAF8FE99F0D9}"
EndProject
Project("{FAE04EC0-301F-11D3-BF4B-00C04F79EFBC}") = "CongresoVisible.Test", "CongresoVisible.Test\CongresoVisible.Test.csproj", "{9DC63D9C-F913-43E6-82C2-5E5618E22416}"
EndProject
Project("{2150E333-8FDC-42A3-9474-1A3956D46DE8}") = "Test", "Test", "{D05B25C1-9C2A-42F4-A293-3E4260CBD012}"
EndProject
Project("{FAE04EC0-301F-11D3-BF4B-00C04F79EFBC}") = "CongresoVisible.Phone", "CongresoVisible.Phone\CongresoVisible.Phone.csproj", "{2B84BBC1-8E46-41B8-B182-F0D5C637D768}"
EndProject
Project("{FAE04EC0-301F-11D3-BF4B-00C04F79EFBC}") = "CongresoVisible.Tablet", "CongresoVisible.Tablet\CongresoVisible.Tablet.csproj", "{EFC2BB6A-9B58-454A-9B47-3F92E8B1D94F}"
EndProject
Project("{2150E333-8FDC-42A3-9474-1A3956D46DE8}") = "External", "External", "{FE470AFE-3EAB-4EB9-B048-156863FC4538}"
EndProject
Project("{FAE04EC0-301F-11D3-BF4B-00C04F79EFBC}") = "SQLite.Net.Platform.WindowsPhone8", "SQLite.Net\SQLite.Net.Platform.WindowsPhone8\SQLite.Net.Platform.WindowsPhone8.csproj", "{741521F8-F9D8-40F4-A5D4-AED4E26841ED}"
EndProject
Project("{FAE04EC0-301F-11D3-BF4B-00C04F79EFBC}") = "SQLite.Net.Platform.WindowsPhone8.CSharpSqlite", "SQLite.Net\SQLite.Net.Platform.WindowsPhone8.CSharpSqlite\SQLite.Net.Platform.WindowsPhone8.CSharpSqlite.csproj", "{BC4BFEB2-05EE-4EAD-BC41-023BFB79F187}"
EndProject
Global
	GlobalSection(SolutionConfigurationPlatforms) = preSolution
		Ad-Hoc|Any CPU = Ad-Hoc|Any CPU
		Ad-Hoc|ARM = Ad-Hoc|ARM
		Ad-Hoc|iPhone = Ad-Hoc|iPhone
		Ad-Hoc|iPhoneSimulator = Ad-Hoc|iPhoneSimulator
		Ad-Hoc|Mixed Platforms = Ad-Hoc|Mixed Platforms
		Ad-Hoc|x64 = Ad-Hoc|x64
		Ad-Hoc|x86 = Ad-Hoc|x86
		AppStore|Any CPU = AppStore|Any CPU
		AppStore|ARM = AppStore|ARM
		AppStore|iPhone = AppStore|iPhone
		AppStore|iPhoneSimulator = AppStore|iPhoneSimulator
		AppStore|Mixed Platforms = AppStore|Mixed Platforms
		AppStore|x64 = AppStore|x64
		AppStore|x86 = AppStore|x86
		Debug|Any CPU = Debug|Any CPU
		Debug|ARM = Debug|ARM
		Debug|iPhone = Debug|iPhone
		Debug|iPhoneSimulator = Debug|iPhoneSimulator
		Debug|Mixed Platforms = Debug|Mixed Platforms
		Debug|x64 = Debug|x64
		Debug|x86 = Debug|x86
		Release|Any CPU = Release|Any CPU
		Release|ARM = Release|ARM
		Release|iPhone = Release|iPhone
		Release|iPhoneSimulator = Release|iPhoneSimulator
		Release|Mixed Platforms = Release|Mixed Platforms
		Release|x64 = Release|x64
		Release|x86 = Release|x86
	EndGlobalSection
	GlobalSection(ProjectConfigurationPlatforms) = postSolution
		{CF477CAF-84F8-40FB-B971-C413E0B0F57B}.Ad-Hoc|Any CPU.ActiveCfg = Release|Any CPU
		{CF477CAF-84F8-40FB-B971-C413E0B0F57B}.Ad-Hoc|Any CPU.Build.0 = Release|Any CPU
		{CF477CAF-84F8-40FB-B971-C413E0B0F57B}.Ad-Hoc|ARM.ActiveCfg = Release|Any CPU
		{CF477CAF-84F8-40FB-B971-C413E0B0F57B}.Ad-Hoc|iPhone.ActiveCfg = Release|Any CPU
		{CF477CAF-84F8-40FB-B971-C413E0B0F57B}.Ad-Hoc|iPhoneSimulator.ActiveCfg = Release|Any CPU
		{CF477CAF-84F8-40FB-B971-C413E0B0F57B}.Ad-Hoc|Mixed Platforms.ActiveCfg = Release|Any CPU
		{CF477CAF-84F8-40FB-B971-C413E0B0F57B}.Ad-Hoc|Mixed Platforms.Build.0 = Release|Any CPU
		{CF477CAF-84F8-40FB-B971-C413E0B0F57B}.Ad-Hoc|x64.ActiveCfg = Release|Any CPU
		{CF477CAF-84F8-40FB-B971-C413E0B0F57B}.Ad-Hoc|x86.ActiveCfg = Release|Any CPU
		{CF477CAF-84F8-40FB-B971-C413E0B0F57B}.AppStore|Any CPU.ActiveCfg = Release|Any CPU
		{CF477CAF-84F8-40FB-B971-C413E0B0F57B}.AppStore|Any CPU.Build.0 = Release|Any CPU
		{CF477CAF-84F8-40FB-B971-C413E0B0F57B}.AppStore|ARM.ActiveCfg = Release|Any CPU
		{CF477CAF-84F8-40FB-B971-C413E0B0F57B}.AppStore|iPhone.ActiveCfg = Release|Any CPU
		{CF477CAF-84F8-40FB-B971-C413E0B0F57B}.AppStore|iPhoneSimulator.ActiveCfg = Release|Any CPU
		{CF477CAF-84F8-40FB-B971-C413E0B0F57B}.AppStore|Mixed Platforms.ActiveCfg = Release|Any CPU
		{CF477CAF-84F8-40FB-B971-C413E0B0F57B}.AppStore|Mixed Platforms.Build.0 = Release|Any CPU
		{CF477CAF-84F8-40FB-B971-C413E0B0F57B}.AppStore|x64.ActiveCfg = Release|Any CPU
		{CF477CAF-84F8-40FB-B971-C413E0B0F57B}.AppStore|x86.ActiveCfg = Release|Any CPU
		{CF477CAF-84F8-40FB-B971-C413E0B0F57B}.Debug|Any CPU.ActiveCfg = Debug|Any CPU
		{CF477CAF-84F8-40FB-B971-C413E0B0F57B}.Debug|Any CPU.Build.0 = Debug|Any CPU
		{CF477CAF-84F8-40FB-B971-C413E0B0F57B}.Debug|ARM.ActiveCfg = Debug|Any CPU
		{CF477CAF-84F8-40FB-B971-C413E0B0F57B}.Debug|iPhone.ActiveCfg = Debug|Any CPU
		{CF477CAF-84F8-40FB-B971-C413E0B0F57B}.Debug|iPhoneSimulator.ActiveCfg = Debug|Any CPU
		{CF477CAF-84F8-40FB-B971-C413E0B0F57B}.Debug|Mixed Platforms.ActiveCfg = Debug|Any CPU
		{CF477CAF-84F8-40FB-B971-C413E0B0F57B}.Debug|Mixed Platforms.Build.0 = Debug|Any CPU
		{CF477CAF-84F8-40FB-B971-C413E0B0F57B}.Debug|x64.ActiveCfg = Debug|Any CPU
		{CF477CAF-84F8-40FB-B971-C413E0B0F57B}.Debug|x86.ActiveCfg = Debug|Any CPU
		{CF477CAF-84F8-40FB-B971-C413E0B0F57B}.Release|Any CPU.ActiveCfg = Release|Any CPU
		{CF477CAF-84F8-40FB-B971-C413E0B0F57B}.Release|Any CPU.Build.0 = Release|Any CPU
		{CF477CAF-84F8-40FB-B971-C413E0B0F57B}.Release|ARM.ActiveCfg = Release|Any CPU
		{CF477CAF-84F8-40FB-B971-C413E0B0F57B}.Release|iPhone.ActiveCfg = Release|Any CPU
		{CF477CAF-84F8-40FB-B971-C413E0B0F57B}.Release|iPhoneSimulator.ActiveCfg = Release|Any CPU
		{CF477CAF-84F8-40FB-B971-C413E0B0F57B}.Release|Mixed Platforms.ActiveCfg = Release|Any CPU
		{CF477CAF-84F8-40FB-B971-C413E0B0F57B}.Release|Mixed Platforms.Build.0 = Release|Any CPU
		{CF477CAF-84F8-40FB-B971-C413E0B0F57B}.Release|x64.ActiveCfg = Release|Any CPU
		{CF477CAF-84F8-40FB-B971-C413E0B0F57B}.Release|x86.ActiveCfg = Release|Any CPU
		{C243C284-B80D-42DA-BD48-AC88F060B3B5}.Ad-Hoc|Any CPU.ActiveCfg = Release|Any CPU
		{C243C284-B80D-42DA-BD48-AC88F060B3B5}.Ad-Hoc|Any CPU.Build.0 = Release|Any CPU
		{C243C284-B80D-42DA-BD48-AC88F060B3B5}.Ad-Hoc|ARM.ActiveCfg = Release|Any CPU
		{C243C284-B80D-42DA-BD48-AC88F060B3B5}.Ad-Hoc|iPhone.ActiveCfg = Release|Any CPU
		{C243C284-B80D-42DA-BD48-AC88F060B3B5}.Ad-Hoc|iPhoneSimulator.ActiveCfg = Release|Any CPU
		{C243C284-B80D-42DA-BD48-AC88F060B3B5}.Ad-Hoc|Mixed Platforms.ActiveCfg = Release|Any CPU
		{C243C284-B80D-42DA-BD48-AC88F060B3B5}.Ad-Hoc|Mixed Platforms.Build.0 = Release|Any CPU
		{C243C284-B80D-42DA-BD48-AC88F060B3B5}.Ad-Hoc|x64.ActiveCfg = Release|Any CPU
		{C243C284-B80D-42DA-BD48-AC88F060B3B5}.Ad-Hoc|x86.ActiveCfg = Release|Any CPU
		{C243C284-B80D-42DA-BD48-AC88F060B3B5}.AppStore|Any CPU.ActiveCfg = Release|Any CPU
		{C243C284-B80D-42DA-BD48-AC88F060B3B5}.AppStore|Any CPU.Build.0 = Release|Any CPU
		{C243C284-B80D-42DA-BD48-AC88F060B3B5}.AppStore|ARM.ActiveCfg = Release|Any CPU
		{C243C284-B80D-42DA-BD48-AC88F060B3B5}.AppStore|iPhone.ActiveCfg = Release|Any CPU
		{C243C284-B80D-42DA-BD48-AC88F060B3B5}.AppStore|iPhoneSimulator.ActiveCfg = Release|Any CPU
		{C243C284-B80D-42DA-BD48-AC88F060B3B5}.AppStore|Mixed Platforms.ActiveCfg = Release|Any CPU
		{C243C284-B80D-42DA-BD48-AC88F060B3B5}.AppStore|Mixed Platforms.Build.0 = Release|Any CPU
		{C243C284-B80D-42DA-BD48-AC88F060B3B5}.AppStore|x64.ActiveCfg = Release|Any CPU
		{C243C284-B80D-42DA-BD48-AC88F060B3B5}.AppStore|x86.ActiveCfg = Release|Any CPU
		{C243C284-B80D-42DA-BD48-AC88F060B3B5}.Debug|Any CPU.ActiveCfg = Debug|Any CPU
		{C243C284-B80D-42DA-BD48-AC88F060B3B5}.Debug|Any CPU.Build.0 = Debug|Any CPU
		{C243C284-B80D-42DA-BD48-AC88F060B3B5}.Debug|ARM.ActiveCfg = Debug|Any CPU
		{C243C284-B80D-42DA-BD48-AC88F060B3B5}.Debug|iPhone.ActiveCfg = Debug|Any CPU
		{C243C284-B80D-42DA-BD48-AC88F060B3B5}.Debug|iPhoneSimulator.ActiveCfg = Debug|Any CPU
		{C243C284-B80D-42DA-BD48-AC88F060B3B5}.Debug|Mixed Platforms.ActiveCfg = Debug|Any CPU
		{C243C284-B80D-42DA-BD48-AC88F060B3B5}.Debug|Mixed Platforms.Build.0 = Debug|Any CPU
		{C243C284-B80D-42DA-BD48-AC88F060B3B5}.Debug|x64.ActiveCfg = Debug|Any CPU
		{C243C284-B80D-42DA-BD48-AC88F060B3B5}.Debug|x86.ActiveCfg = Debug|Any CPU
		{C243C284-B80D-42DA-BD48-AC88F060B3B5}.Release|Any CPU.ActiveCfg = Release|Any CPU
		{C243C284-B80D-42DA-BD48-AC88F060B3B5}.Release|Any CPU.Build.0 = Release|Any CPU
		{C243C284-B80D-42DA-BD48-AC88F060B3B5}.Release|ARM.ActiveCfg = Release|Any CPU
		{C243C284-B80D-42DA-BD48-AC88F060B3B5}.Release|iPhone.ActiveCfg = Release|Any CPU
		{C243C284-B80D-42DA-BD48-AC88F060B3B5}.Release|iPhoneSimulator.ActiveCfg = Release|Any CPU
		{C243C284-B80D-42DA-BD48-AC88F060B3B5}.Release|Mixed Platforms.ActiveCfg = Release|Any CPU
		{C243C284-B80D-42DA-BD48-AC88F060B3B5}.Release|Mixed Platforms.Build.0 = Release|Any CPU
		{C243C284-B80D-42DA-BD48-AC88F060B3B5}.Release|x64.ActiveCfg = Release|Any CPU
		{C243C284-B80D-42DA-BD48-AC88F060B3B5}.Release|x86.ActiveCfg = Release|Any CPU
		{AD36BD6F-07B5-4C3B-A196-1EA714E58F76}.Ad-Hoc|Any CPU.ActiveCfg = Release|Any CPU
		{AD36BD6F-07B5-4C3B-A196-1EA714E58F76}.Ad-Hoc|Any CPU.Build.0 = Release|Any CPU
		{AD36BD6F-07B5-4C3B-A196-1EA714E58F76}.Ad-Hoc|ARM.ActiveCfg = Release|Any CPU
		{AD36BD6F-07B5-4C3B-A196-1EA714E58F76}.Ad-Hoc|iPhone.ActiveCfg = Release|Any CPU
		{AD36BD6F-07B5-4C3B-A196-1EA714E58F76}.Ad-Hoc|iPhoneSimulator.ActiveCfg = Release|Any CPU
		{AD36BD6F-07B5-4C3B-A196-1EA714E58F76}.Ad-Hoc|Mixed Platforms.ActiveCfg = Release|Any CPU
		{AD36BD6F-07B5-4C3B-A196-1EA714E58F76}.Ad-Hoc|Mixed Platforms.Build.0 = Release|Any CPU
		{AD36BD6F-07B5-4C3B-A196-1EA714E58F76}.Ad-Hoc|x64.ActiveCfg = Release|Any CPU
		{AD36BD6F-07B5-4C3B-A196-1EA714E58F76}.Ad-Hoc|x86.ActiveCfg = Release|Any CPU
		{AD36BD6F-07B5-4C3B-A196-1EA714E58F76}.AppStore|Any CPU.ActiveCfg = Release|Any CPU
		{AD36BD6F-07B5-4C3B-A196-1EA714E58F76}.AppStore|Any CPU.Build.0 = Release|Any CPU
		{AD36BD6F-07B5-4C3B-A196-1EA714E58F76}.AppStore|ARM.ActiveCfg = Release|Any CPU
		{AD36BD6F-07B5-4C3B-A196-1EA714E58F76}.AppStore|iPhone.ActiveCfg = Release|Any CPU
		{AD36BD6F-07B5-4C3B-A196-1EA714E58F76}.AppStore|iPhoneSimulator.ActiveCfg = Release|Any CPU
		{AD36BD6F-07B5-4C3B-A196-1EA714E58F76}.AppStore|Mixed Platforms.ActiveCfg = Release|Any CPU
		{AD36BD6F-07B5-4C3B-A196-1EA714E58F76}.AppStore|Mixed Platforms.Build.0 = Release|Any CPU
		{AD36BD6F-07B5-4C3B-A196-1EA714E58F76}.AppStore|x64.ActiveCfg = Release|Any CPU
		{AD36BD6F-07B5-4C3B-A196-1EA714E58F76}.AppStore|x86.ActiveCfg = Release|Any CPU
		{AD36BD6F-07B5-4C3B-A196-1EA714E58F76}.Debug|Any CPU.ActiveCfg = Debug|Any CPU
		{AD36BD6F-07B5-4C3B-A196-1EA714E58F76}.Debug|Any CPU.Build.0 = Debug|Any CPU
		{AD36BD6F-07B5-4C3B-A196-1EA714E58F76}.Debug|ARM.ActiveCfg = Debug|Any CPU
		{AD36BD6F-07B5-4C3B-A196-1EA714E58F76}.Debug|iPhone.ActiveCfg = Debug|Any CPU
		{AD36BD6F-07B5-4C3B-A196-1EA714E58F76}.Debug|iPhoneSimulator.ActiveCfg = Debug|Any CPU
		{AD36BD6F-07B5-4C3B-A196-1EA714E58F76}.Debug|Mixed Platforms.ActiveCfg = Debug|Any CPU
		{AD36BD6F-07B5-4C3B-A196-1EA714E58F76}.Debug|Mixed Platforms.Build.0 = Debug|Any CPU
		{AD36BD6F-07B5-4C3B-A196-1EA714E58F76}.Debug|x64.ActiveCfg = Debug|Any CPU
		{AD36BD6F-07B5-4C3B-A196-1EA714E58F76}.Debug|x86.ActiveCfg = Debug|Any CPU
		{AD36BD6F-07B5-4C3B-A196-1EA714E58F76}.Release|Any CPU.ActiveCfg = Release|Any CPU
		{AD36BD6F-07B5-4C3B-A196-1EA714E58F76}.Release|Any CPU.Build.0 = Release|Any CPU
		{AD36BD6F-07B5-4C3B-A196-1EA714E58F76}.Release|ARM.ActiveCfg = Release|Any CPU
		{AD36BD6F-07B5-4C3B-A196-1EA714E58F76}.Release|iPhone.ActiveCfg = Release|Any CPU
		{AD36BD6F-07B5-4C3B-A196-1EA714E58F76}.Release|iPhoneSimulator.ActiveCfg = Release|Any CPU
		{AD36BD6F-07B5-4C3B-A196-1EA714E58F76}.Release|Mixed Platforms.ActiveCfg = Release|Any CPU
		{AD36BD6F-07B5-4C3B-A196-1EA714E58F76}.Release|Mixed Platforms.Build.0 = Release|Any CPU
		{AD36BD6F-07B5-4C3B-A196-1EA714E58F76}.Release|x64.ActiveCfg = Release|Any CPU
		{AD36BD6F-07B5-4C3B-A196-1EA714E58F76}.Release|x86.ActiveCfg = Release|Any CPU
		{B4844109-BDDF-43CA-A7C0-9F6073CE7960}.Ad-Hoc|Any CPU.ActiveCfg = Release|Any CPU
		{B4844109-BDDF-43CA-A7C0-9F6073CE7960}.Ad-Hoc|Any CPU.Build.0 = Release|Any CPU
		{B4844109-BDDF-43CA-A7C0-9F6073CE7960}.Ad-Hoc|ARM.ActiveCfg = Release|Any CPU
		{B4844109-BDDF-43CA-A7C0-9F6073CE7960}.Ad-Hoc|iPhone.ActiveCfg = Release|Any CPU
		{B4844109-BDDF-43CA-A7C0-9F6073CE7960}.Ad-Hoc|iPhoneSimulator.ActiveCfg = Release|Any CPU
		{B4844109-BDDF-43CA-A7C0-9F6073CE7960}.Ad-Hoc|Mixed Platforms.ActiveCfg = Release|Any CPU
		{B4844109-BDDF-43CA-A7C0-9F6073CE7960}.Ad-Hoc|Mixed Platforms.Build.0 = Release|Any CPU
		{B4844109-BDDF-43CA-A7C0-9F6073CE7960}.Ad-Hoc|x64.ActiveCfg = Release|Any CPU
		{B4844109-BDDF-43CA-A7C0-9F6073CE7960}.Ad-Hoc|x86.ActiveCfg = Release|Any CPU
		{B4844109-BDDF-43CA-A7C0-9F6073CE7960}.AppStore|Any CPU.ActiveCfg = Release|Any CPU
		{B4844109-BDDF-43CA-A7C0-9F6073CE7960}.AppStore|Any CPU.Build.0 = Release|Any CPU
		{B4844109-BDDF-43CA-A7C0-9F6073CE7960}.AppStore|ARM.ActiveCfg = Release|Any CPU
		{B4844109-BDDF-43CA-A7C0-9F6073CE7960}.AppStore|iPhone.ActiveCfg = Release|Any CPU
		{B4844109-BDDF-43CA-A7C0-9F6073CE7960}.AppStore|iPhoneSimulator.ActiveCfg = Release|Any CPU
		{B4844109-BDDF-43CA-A7C0-9F6073CE7960}.AppStore|Mixed Platforms.ActiveCfg = Release|Any CPU
		{B4844109-BDDF-43CA-A7C0-9F6073CE7960}.AppStore|Mixed Platforms.Build.0 = Release|Any CPU
		{B4844109-BDDF-43CA-A7C0-9F6073CE7960}.AppStore|x64.ActiveCfg = Release|Any CPU
		{B4844109-BDDF-43CA-A7C0-9F6073CE7960}.AppStore|x86.ActiveCfg = Release|Any CPU
		{B4844109-BDDF-43CA-A7C0-9F6073CE7960}.Debug|Any CPU.ActiveCfg = Debug|Any CPU
		{B4844109-BDDF-43CA-A7C0-9F6073CE7960}.Debug|Any CPU.Build.0 = Debug|Any CPU
		{B4844109-BDDF-43CA-A7C0-9F6073CE7960}.Debug|ARM.ActiveCfg = Debug|Any CPU
		{B4844109-BDDF-43CA-A7C0-9F6073CE7960}.Debug|iPhone.ActiveCfg = Debug|Any CPU
		{B4844109-BDDF-43CA-A7C0-9F6073CE7960}.Debug|iPhoneSimulator.ActiveCfg = Debug|Any CPU
		{B4844109-BDDF-43CA-A7C0-9F6073CE7960}.Debug|Mixed Platforms.ActiveCfg = Debug|Any CPU
		{B4844109-BDDF-43CA-A7C0-9F6073CE7960}.Debug|Mixed Platforms.Build.0 = Debug|Any CPU
		{B4844109-BDDF-43CA-A7C0-9F6073CE7960}.Debug|x64.ActiveCfg = Debug|Any CPU
		{B4844109-BDDF-43CA-A7C0-9F6073CE7960}.Debug|x86.ActiveCfg = Debug|Any CPU
		{B4844109-BDDF-43CA-A7C0-9F6073CE7960}.Release|Any CPU.ActiveCfg = Release|Any CPU
		{B4844109-BDDF-43CA-A7C0-9F6073CE7960}.Release|Any CPU.Build.0 = Release|Any CPU
		{B4844109-BDDF-43CA-A7C0-9F6073CE7960}.Release|ARM.ActiveCfg = Release|Any CPU
		{B4844109-BDDF-43CA-A7C0-9F6073CE7960}.Release|iPhone.ActiveCfg = Release|Any CPU
		{B4844109-BDDF-43CA-A7C0-9F6073CE7960}.Release|iPhoneSimulator.ActiveCfg = Release|Any CPU
		{B4844109-BDDF-43CA-A7C0-9F6073CE7960}.Release|Mixed Platforms.ActiveCfg = Release|Any CPU
		{B4844109-BDDF-43CA-A7C0-9F6073CE7960}.Release|Mixed Platforms.Build.0 = Release|Any CPU
		{B4844109-BDDF-43CA-A7C0-9F6073CE7960}.Release|x64.ActiveCfg = Release|Any CPU
		{B4844109-BDDF-43CA-A7C0-9F6073CE7960}.Release|x86.ActiveCfg = Release|Any CPU
		{9DC63D9C-F913-43E6-82C2-5E5618E22416}.Ad-Hoc|Any CPU.ActiveCfg = Release|Any CPU
		{9DC63D9C-F913-43E6-82C2-5E5618E22416}.Ad-Hoc|Any CPU.Build.0 = Release|Any CPU
		{9DC63D9C-F913-43E6-82C2-5E5618E22416}.Ad-Hoc|ARM.ActiveCfg = Release|Any CPU
		{9DC63D9C-F913-43E6-82C2-5E5618E22416}.Ad-Hoc|iPhone.ActiveCfg = Release|Any CPU
		{9DC63D9C-F913-43E6-82C2-5E5618E22416}.Ad-Hoc|iPhoneSimulator.ActiveCfg = Release|Any CPU
		{9DC63D9C-F913-43E6-82C2-5E5618E22416}.Ad-Hoc|Mixed Platforms.ActiveCfg = Release|Any CPU
		{9DC63D9C-F913-43E6-82C2-5E5618E22416}.Ad-Hoc|Mixed Platforms.Build.0 = Release|Any CPU
		{9DC63D9C-F913-43E6-82C2-5E5618E22416}.Ad-Hoc|x64.ActiveCfg = Release|Any CPU
		{9DC63D9C-F913-43E6-82C2-5E5618E22416}.Ad-Hoc|x86.ActiveCfg = Release|Any CPU
		{9DC63D9C-F913-43E6-82C2-5E5618E22416}.AppStore|Any CPU.ActiveCfg = Release|Any CPU
		{9DC63D9C-F913-43E6-82C2-5E5618E22416}.AppStore|Any CPU.Build.0 = Release|Any CPU
		{9DC63D9C-F913-43E6-82C2-5E5618E22416}.AppStore|ARM.ActiveCfg = Release|Any CPU
		{9DC63D9C-F913-43E6-82C2-5E5618E22416}.AppStore|iPhone.ActiveCfg = Release|Any CPU
		{9DC63D9C-F913-43E6-82C2-5E5618E22416}.AppStore|iPhoneSimulator.ActiveCfg = Release|Any CPU
		{9DC63D9C-F913-43E6-82C2-5E5618E22416}.AppStore|Mixed Platforms.ActiveCfg = Release|Any CPU
		{9DC63D9C-F913-43E6-82C2-5E5618E22416}.AppStore|Mixed Platforms.Build.0 = Release|Any CPU
		{9DC63D9C-F913-43E6-82C2-5E5618E22416}.AppStore|x64.ActiveCfg = Release|Any CPU
		{9DC63D9C-F913-43E6-82C2-5E5618E22416}.AppStore|x86.ActiveCfg = Release|Any CPU
		{9DC63D9C-F913-43E6-82C2-5E5618E22416}.Debug|Any CPU.ActiveCfg = Debug|Any CPU
		{9DC63D9C-F913-43E6-82C2-5E5618E22416}.Debug|Any CPU.Build.0 = Debug|Any CPU
		{9DC63D9C-F913-43E6-82C2-5E5618E22416}.Debug|ARM.ActiveCfg = Debug|Any CPU
		{9DC63D9C-F913-43E6-82C2-5E5618E22416}.Debug|iPhone.ActiveCfg = Debug|Any CPU
		{9DC63D9C-F913-43E6-82C2-5E5618E22416}.Debug|iPhoneSimulator.ActiveCfg = Debug|Any CPU
		{9DC63D9C-F913-43E6-82C2-5E5618E22416}.Debug|Mixed Platforms.ActiveCfg = Debug|Any CPU
		{9DC63D9C-F913-43E6-82C2-5E5618E22416}.Debug|Mixed Platforms.Build.0 = Debug|Any CPU
		{9DC63D9C-F913-43E6-82C2-5E5618E22416}.Debug|x64.ActiveCfg = Debug|Any CPU
		{9DC63D9C-F913-43E6-82C2-5E5618E22416}.Debug|x86.ActiveCfg = Debug|Any CPU
		{9DC63D9C-F913-43E6-82C2-5E5618E22416}.Release|Any CPU.ActiveCfg = Release|Any CPU
		{9DC63D9C-F913-43E6-82C2-5E5618E22416}.Release|Any CPU.Build.0 = Release|Any CPU
		{9DC63D9C-F913-43E6-82C2-5E5618E22416}.Release|ARM.ActiveCfg = Release|Any CPU
		{9DC63D9C-F913-43E6-82C2-5E5618E22416}.Release|iPhone.ActiveCfg = Release|Any CPU
		{9DC63D9C-F913-43E6-82C2-5E5618E22416}.Release|iPhoneSimulator.ActiveCfg = Release|Any CPU
		{9DC63D9C-F913-43E6-82C2-5E5618E22416}.Release|Mixed Platforms.ActiveCfg = Release|Any CPU
		{9DC63D9C-F913-43E6-82C2-5E5618E22416}.Release|Mixed Platforms.Build.0 = Release|Any CPU
		{9DC63D9C-F913-43E6-82C2-5E5618E22416}.Release|x64.ActiveCfg = Release|Any CPU
		{9DC63D9C-F913-43E6-82C2-5E5618E22416}.Release|x86.ActiveCfg = Release|Any CPU
		{2B84BBC1-8E46-41B8-B182-F0D5C637D768}.Ad-Hoc|Any CPU.ActiveCfg = Release|Any CPU
		{2B84BBC1-8E46-41B8-B182-F0D5C637D768}.Ad-Hoc|Any CPU.Build.0 = Release|Any CPU
		{2B84BBC1-8E46-41B8-B182-F0D5C637D768}.Ad-Hoc|Any CPU.Deploy.0 = Release|Any CPU
		{2B84BBC1-8E46-41B8-B182-F0D5C637D768}.Ad-Hoc|ARM.ActiveCfg = Release|ARM
		{2B84BBC1-8E46-41B8-B182-F0D5C637D768}.Ad-Hoc|ARM.Build.0 = Release|ARM
		{2B84BBC1-8E46-41B8-B182-F0D5C637D768}.Ad-Hoc|ARM.Deploy.0 = Release|ARM
		{2B84BBC1-8E46-41B8-B182-F0D5C637D768}.Ad-Hoc|iPhone.ActiveCfg = Release|Any CPU
		{2B84BBC1-8E46-41B8-B182-F0D5C637D768}.Ad-Hoc|iPhoneSimulator.ActiveCfg = Release|Any CPU
		{2B84BBC1-8E46-41B8-B182-F0D5C637D768}.Ad-Hoc|Mixed Platforms.ActiveCfg = Release|x86
		{2B84BBC1-8E46-41B8-B182-F0D5C637D768}.Ad-Hoc|Mixed Platforms.Build.0 = Release|x86
		{2B84BBC1-8E46-41B8-B182-F0D5C637D768}.Ad-Hoc|Mixed Platforms.Deploy.0 = Release|x86
		{2B84BBC1-8E46-41B8-B182-F0D5C637D768}.Ad-Hoc|x64.ActiveCfg = Release|Any CPU
		{2B84BBC1-8E46-41B8-B182-F0D5C637D768}.Ad-Hoc|x86.ActiveCfg = Release|x86
		{2B84BBC1-8E46-41B8-B182-F0D5C637D768}.Ad-Hoc|x86.Build.0 = Release|x86
		{2B84BBC1-8E46-41B8-B182-F0D5C637D768}.Ad-Hoc|x86.Deploy.0 = Release|x86
		{2B84BBC1-8E46-41B8-B182-F0D5C637D768}.AppStore|Any CPU.ActiveCfg = Release|Any CPU
		{2B84BBC1-8E46-41B8-B182-F0D5C637D768}.AppStore|Any CPU.Build.0 = Release|Any CPU
		{2B84BBC1-8E46-41B8-B182-F0D5C637D768}.AppStore|Any CPU.Deploy.0 = Release|Any CPU
		{2B84BBC1-8E46-41B8-B182-F0D5C637D768}.AppStore|ARM.ActiveCfg = Release|ARM
		{2B84BBC1-8E46-41B8-B182-F0D5C637D768}.AppStore|ARM.Build.0 = Release|ARM
		{2B84BBC1-8E46-41B8-B182-F0D5C637D768}.AppStore|ARM.Deploy.0 = Release|ARM
		{2B84BBC1-8E46-41B8-B182-F0D5C637D768}.AppStore|iPhone.ActiveCfg = Release|Any CPU
		{2B84BBC1-8E46-41B8-B182-F0D5C637D768}.AppStore|iPhoneSimulator.ActiveCfg = Release|Any CPU
		{2B84BBC1-8E46-41B8-B182-F0D5C637D768}.AppStore|Mixed Platforms.ActiveCfg = Release|x86
		{2B84BBC1-8E46-41B8-B182-F0D5C637D768}.AppStore|Mixed Platforms.Build.0 = Release|x86
		{2B84BBC1-8E46-41B8-B182-F0D5C637D768}.AppStore|Mixed Platforms.Deploy.0 = Release|x86
		{2B84BBC1-8E46-41B8-B182-F0D5C637D768}.AppStore|x64.ActiveCfg = Release|Any CPU
		{2B84BBC1-8E46-41B8-B182-F0D5C637D768}.AppStore|x86.ActiveCfg = Release|x86
		{2B84BBC1-8E46-41B8-B182-F0D5C637D768}.AppStore|x86.Build.0 = Release|x86
		{2B84BBC1-8E46-41B8-B182-F0D5C637D768}.AppStore|x86.Deploy.0 = Release|x86
		{2B84BBC1-8E46-41B8-B182-F0D5C637D768}.Debug|Any CPU.ActiveCfg = Debug|Any CPU
		{2B84BBC1-8E46-41B8-B182-F0D5C637D768}.Debug|Any CPU.Build.0 = Debug|Any CPU
		{2B84BBC1-8E46-41B8-B182-F0D5C637D768}.Debug|Any CPU.Deploy.0 = Debug|Any CPU
		{2B84BBC1-8E46-41B8-B182-F0D5C637D768}.Debug|ARM.ActiveCfg = Debug|ARM
		{2B84BBC1-8E46-41B8-B182-F0D5C637D768}.Debug|ARM.Build.0 = Debug|ARM
		{2B84BBC1-8E46-41B8-B182-F0D5C637D768}.Debug|ARM.Deploy.0 = Debug|ARM
		{2B84BBC1-8E46-41B8-B182-F0D5C637D768}.Debug|iPhone.ActiveCfg = Debug|Any CPU
		{2B84BBC1-8E46-41B8-B182-F0D5C637D768}.Debug|iPhoneSimulator.ActiveCfg = Debug|Any CPU
		{2B84BBC1-8E46-41B8-B182-F0D5C637D768}.Debug|Mixed Platforms.ActiveCfg = Debug|x86
		{2B84BBC1-8E46-41B8-B182-F0D5C637D768}.Debug|Mixed Platforms.Build.0 = Debug|x86
		{2B84BBC1-8E46-41B8-B182-F0D5C637D768}.Debug|Mixed Platforms.Deploy.0 = Debug|x86
		{2B84BBC1-8E46-41B8-B182-F0D5C637D768}.Debug|x64.ActiveCfg = Debug|Any CPU
		{2B84BBC1-8E46-41B8-B182-F0D5C637D768}.Debug|x86.ActiveCfg = Debug|x86
		{2B84BBC1-8E46-41B8-B182-F0D5C637D768}.Debug|x86.Build.0 = Debug|x86
		{2B84BBC1-8E46-41B8-B182-F0D5C637D768}.Debug|x86.Deploy.0 = Debug|x86
		{2B84BBC1-8E46-41B8-B182-F0D5C637D768}.Release|Any CPU.ActiveCfg = Release|Any CPU
		{2B84BBC1-8E46-41B8-B182-F0D5C637D768}.Release|Any CPU.Build.0 = Release|Any CPU
		{2B84BBC1-8E46-41B8-B182-F0D5C637D768}.Release|Any CPU.Deploy.0 = Release|Any CPU
		{2B84BBC1-8E46-41B8-B182-F0D5C637D768}.Release|ARM.ActiveCfg = Release|ARM
		{2B84BBC1-8E46-41B8-B182-F0D5C637D768}.Release|ARM.Build.0 = Release|ARM
		{2B84BBC1-8E46-41B8-B182-F0D5C637D768}.Release|ARM.Deploy.0 = Release|ARM
		{2B84BBC1-8E46-41B8-B182-F0D5C637D768}.Release|iPhone.ActiveCfg = Release|Any CPU
		{2B84BBC1-8E46-41B8-B182-F0D5C637D768}.Release|iPhoneSimulator.ActiveCfg = Release|Any CPU
		{2B84BBC1-8E46-41B8-B182-F0D5C637D768}.Release|Mixed Platforms.ActiveCfg = Release|x86
		{2B84BBC1-8E46-41B8-B182-F0D5C637D768}.Release|Mixed Platforms.Build.0 = Release|x86
		{2B84BBC1-8E46-41B8-B182-F0D5C637D768}.Release|Mixed Platforms.Deploy.0 = Release|x86
		{2B84BBC1-8E46-41B8-B182-F0D5C637D768}.Release|x64.ActiveCfg = Release|Any CPU
		{2B84BBC1-8E46-41B8-B182-F0D5C637D768}.Release|x86.ActiveCfg = Release|x86
		{2B84BBC1-8E46-41B8-B182-F0D5C637D768}.Release|x86.Build.0 = Release|x86
		{2B84BBC1-8E46-41B8-B182-F0D5C637D768}.Release|x86.Deploy.0 = Release|x86
		{EFC2BB6A-9B58-454A-9B47-3F92E8B1D94F}.Ad-Hoc|Any CPU.ActiveCfg = Release|Any CPU
		{EFC2BB6A-9B58-454A-9B47-3F92E8B1D94F}.Ad-Hoc|Any CPU.Build.0 = Release|Any CPU
		{EFC2BB6A-9B58-454A-9B47-3F92E8B1D94F}.Ad-Hoc|Any CPU.Deploy.0 = Release|Any CPU
		{EFC2BB6A-9B58-454A-9B47-3F92E8B1D94F}.Ad-Hoc|ARM.ActiveCfg = Release|ARM
		{EFC2BB6A-9B58-454A-9B47-3F92E8B1D94F}.Ad-Hoc|ARM.Build.0 = Release|ARM
		{EFC2BB6A-9B58-454A-9B47-3F92E8B1D94F}.Ad-Hoc|ARM.Deploy.0 = Release|ARM
		{EFC2BB6A-9B58-454A-9B47-3F92E8B1D94F}.Ad-Hoc|iPhone.ActiveCfg = Release|Any CPU
		{EFC2BB6A-9B58-454A-9B47-3F92E8B1D94F}.Ad-Hoc|iPhoneSimulator.ActiveCfg = Release|Any CPU
		{EFC2BB6A-9B58-454A-9B47-3F92E8B1D94F}.Ad-Hoc|Mixed Platforms.ActiveCfg = Release|x86
		{EFC2BB6A-9B58-454A-9B47-3F92E8B1D94F}.Ad-Hoc|Mixed Platforms.Build.0 = Release|x86
		{EFC2BB6A-9B58-454A-9B47-3F92E8B1D94F}.Ad-Hoc|Mixed Platforms.Deploy.0 = Release|x86
		{EFC2BB6A-9B58-454A-9B47-3F92E8B1D94F}.Ad-Hoc|x64.ActiveCfg = Release|x64
		{EFC2BB6A-9B58-454A-9B47-3F92E8B1D94F}.Ad-Hoc|x64.Build.0 = Release|x64
		{EFC2BB6A-9B58-454A-9B47-3F92E8B1D94F}.Ad-Hoc|x64.Deploy.0 = Release|x64
		{EFC2BB6A-9B58-454A-9B47-3F92E8B1D94F}.Ad-Hoc|x86.ActiveCfg = Release|x86
		{EFC2BB6A-9B58-454A-9B47-3F92E8B1D94F}.Ad-Hoc|x86.Build.0 = Release|x86
		{EFC2BB6A-9B58-454A-9B47-3F92E8B1D94F}.Ad-Hoc|x86.Deploy.0 = Release|x86
		{EFC2BB6A-9B58-454A-9B47-3F92E8B1D94F}.AppStore|Any CPU.ActiveCfg = Release|Any CPU
		{EFC2BB6A-9B58-454A-9B47-3F92E8B1D94F}.AppStore|Any CPU.Build.0 = Release|Any CPU
		{EFC2BB6A-9B58-454A-9B47-3F92E8B1D94F}.AppStore|Any CPU.Deploy.0 = Release|Any CPU
		{EFC2BB6A-9B58-454A-9B47-3F92E8B1D94F}.AppStore|ARM.ActiveCfg = Release|ARM
		{EFC2BB6A-9B58-454A-9B47-3F92E8B1D94F}.AppStore|ARM.Build.0 = Release|ARM
		{EFC2BB6A-9B58-454A-9B47-3F92E8B1D94F}.AppStore|ARM.Deploy.0 = Release|ARM
		{EFC2BB6A-9B58-454A-9B47-3F92E8B1D94F}.AppStore|iPhone.ActiveCfg = Release|Any CPU
		{EFC2BB6A-9B58-454A-9B47-3F92E8B1D94F}.AppStore|iPhoneSimulator.ActiveCfg = Release|Any CPU
		{EFC2BB6A-9B58-454A-9B47-3F92E8B1D94F}.AppStore|Mixed Platforms.ActiveCfg = Release|x86
		{EFC2BB6A-9B58-454A-9B47-3F92E8B1D94F}.AppStore|Mixed Platforms.Build.0 = Release|x86
		{EFC2BB6A-9B58-454A-9B47-3F92E8B1D94F}.AppStore|Mixed Platforms.Deploy.0 = Release|x86
		{EFC2BB6A-9B58-454A-9B47-3F92E8B1D94F}.AppStore|x64.ActiveCfg = Release|x64
		{EFC2BB6A-9B58-454A-9B47-3F92E8B1D94F}.AppStore|x64.Build.0 = Release|x64
		{EFC2BB6A-9B58-454A-9B47-3F92E8B1D94F}.AppStore|x64.Deploy.0 = Release|x64
		{EFC2BB6A-9B58-454A-9B47-3F92E8B1D94F}.AppStore|x86.ActiveCfg = Release|x86
		{EFC2BB6A-9B58-454A-9B47-3F92E8B1D94F}.AppStore|x86.Build.0 = Release|x86
		{EFC2BB6A-9B58-454A-9B47-3F92E8B1D94F}.AppStore|x86.Deploy.0 = Release|x86
		{EFC2BB6A-9B58-454A-9B47-3F92E8B1D94F}.Debug|Any CPU.ActiveCfg = Debug|Any CPU
		{EFC2BB6A-9B58-454A-9B47-3F92E8B1D94F}.Debug|Any CPU.Build.0 = Debug|Any CPU
		{EFC2BB6A-9B58-454A-9B47-3F92E8B1D94F}.Debug|Any CPU.Deploy.0 = Debug|Any CPU
		{EFC2BB6A-9B58-454A-9B47-3F92E8B1D94F}.Debug|ARM.ActiveCfg = Debug|ARM
		{EFC2BB6A-9B58-454A-9B47-3F92E8B1D94F}.Debug|ARM.Build.0 = Debug|ARM
		{EFC2BB6A-9B58-454A-9B47-3F92E8B1D94F}.Debug|ARM.Deploy.0 = Debug|ARM
		{EFC2BB6A-9B58-454A-9B47-3F92E8B1D94F}.Debug|iPhone.ActiveCfg = Debug|Any CPU
		{EFC2BB6A-9B58-454A-9B47-3F92E8B1D94F}.Debug|iPhoneSimulator.ActiveCfg = Debug|Any CPU
		{EFC2BB6A-9B58-454A-9B47-3F92E8B1D94F}.Debug|Mixed Platforms.ActiveCfg = Debug|x86
		{EFC2BB6A-9B58-454A-9B47-3F92E8B1D94F}.Debug|Mixed Platforms.Build.0 = Debug|x86
		{EFC2BB6A-9B58-454A-9B47-3F92E8B1D94F}.Debug|Mixed Platforms.Deploy.0 = Debug|x86
		{EFC2BB6A-9B58-454A-9B47-3F92E8B1D94F}.Debug|x64.ActiveCfg = Debug|x64
		{EFC2BB6A-9B58-454A-9B47-3F92E8B1D94F}.Debug|x64.Build.0 = Debug|x64
		{EFC2BB6A-9B58-454A-9B47-3F92E8B1D94F}.Debug|x64.Deploy.0 = Debug|x64
		{EFC2BB6A-9B58-454A-9B47-3F92E8B1D94F}.Debug|x86.ActiveCfg = Debug|x86
		{EFC2BB6A-9B58-454A-9B47-3F92E8B1D94F}.Debug|x86.Build.0 = Debug|x86
		{EFC2BB6A-9B58-454A-9B47-3F92E8B1D94F}.Debug|x86.Deploy.0 = Debug|x86
		{EFC2BB6A-9B58-454A-9B47-3F92E8B1D94F}.Release|Any CPU.ActiveCfg = Release|Any CPU
		{EFC2BB6A-9B58-454A-9B47-3F92E8B1D94F}.Release|Any CPU.Build.0 = Release|Any CPU
		{EFC2BB6A-9B58-454A-9B47-3F92E8B1D94F}.Release|Any CPU.Deploy.0 = Release|Any CPU
		{EFC2BB6A-9B58-454A-9B47-3F92E8B1D94F}.Release|ARM.ActiveCfg = Release|ARM
		{EFC2BB6A-9B58-454A-9B47-3F92E8B1D94F}.Release|ARM.Build.0 = Release|ARM
		{EFC2BB6A-9B58-454A-9B47-3F92E8B1D94F}.Release|ARM.Deploy.0 = Release|ARM
		{EFC2BB6A-9B58-454A-9B47-3F92E8B1D94F}.Release|iPhone.ActiveCfg = Release|Any CPU
		{EFC2BB6A-9B58-454A-9B47-3F92E8B1D94F}.Release|iPhoneSimulator.ActiveCfg = Release|Any CPU
		{EFC2BB6A-9B58-454A-9B47-3F92E8B1D94F}.Release|Mixed Platforms.ActiveCfg = Release|x86
		{EFC2BB6A-9B58-454A-9B47-3F92E8B1D94F}.Release|Mixed Platforms.Build.0 = Release|x86
		{EFC2BB6A-9B58-454A-9B47-3F92E8B1D94F}.Release|Mixed Platforms.Deploy.0 = Release|x86
		{EFC2BB6A-9B58-454A-9B47-3F92E8B1D94F}.Release|x64.ActiveCfg = Release|x64
		{EFC2BB6A-9B58-454A-9B47-3F92E8B1D94F}.Release|x64.Build.0 = Release|x64
		{EFC2BB6A-9B58-454A-9B47-3F92E8B1D94F}.Release|x64.Deploy.0 = Release|x64
		{EFC2BB6A-9B58-454A-9B47-3F92E8B1D94F}.Release|x86.ActiveCfg = Release|x86
		{EFC2BB6A-9B58-454A-9B47-3F92E8B1D94F}.Release|x86.Build.0 = Release|x86
		{EFC2BB6A-9B58-454A-9B47-3F92E8B1D94F}.Release|x86.Deploy.0 = Release|x86
		{741521F8-F9D8-40F4-A5D4-AED4E26841ED}.Ad-Hoc|Any CPU.ActiveCfg = Release|Any CPU
		{741521F8-F9D8-40F4-A5D4-AED4E26841ED}.Ad-Hoc|Any CPU.Build.0 = Release|Any CPU
		{741521F8-F9D8-40F4-A5D4-AED4E26841ED}.Ad-Hoc|ARM.ActiveCfg = Release|ARM
		{741521F8-F9D8-40F4-A5D4-AED4E26841ED}.Ad-Hoc|ARM.Build.0 = Release|ARM
		{741521F8-F9D8-40F4-A5D4-AED4E26841ED}.Ad-Hoc|iPhone.ActiveCfg = Release|Any CPU
		{741521F8-F9D8-40F4-A5D4-AED4E26841ED}.Ad-Hoc|iPhoneSimulator.ActiveCfg = Release|Any CPU
		{741521F8-F9D8-40F4-A5D4-AED4E26841ED}.Ad-Hoc|Mixed Platforms.ActiveCfg = Release|x86
		{741521F8-F9D8-40F4-A5D4-AED4E26841ED}.Ad-Hoc|Mixed Platforms.Build.0 = Release|x86
		{741521F8-F9D8-40F4-A5D4-AED4E26841ED}.Ad-Hoc|x64.ActiveCfg = Release|Any CPU
		{741521F8-F9D8-40F4-A5D4-AED4E26841ED}.Ad-Hoc|x86.ActiveCfg = Release|x86
		{741521F8-F9D8-40F4-A5D4-AED4E26841ED}.Ad-Hoc|x86.Build.0 = Release|x86
		{741521F8-F9D8-40F4-A5D4-AED4E26841ED}.AppStore|Any CPU.ActiveCfg = Release|Any CPU
		{741521F8-F9D8-40F4-A5D4-AED4E26841ED}.AppStore|Any CPU.Build.0 = Release|Any CPU
		{741521F8-F9D8-40F4-A5D4-AED4E26841ED}.AppStore|ARM.ActiveCfg = Release|ARM
		{741521F8-F9D8-40F4-A5D4-AED4E26841ED}.AppStore|ARM.Build.0 = Release|ARM
		{741521F8-F9D8-40F4-A5D4-AED4E26841ED}.AppStore|iPhone.ActiveCfg = Release|Any CPU
		{741521F8-F9D8-40F4-A5D4-AED4E26841ED}.AppStore|iPhoneSimulator.ActiveCfg = Release|Any CPU
		{741521F8-F9D8-40F4-A5D4-AED4E26841ED}.AppStore|Mixed Platforms.ActiveCfg = Release|x86
		{741521F8-F9D8-40F4-A5D4-AED4E26841ED}.AppStore|Mixed Platforms.Build.0 = Release|x86
		{741521F8-F9D8-40F4-A5D4-AED4E26841ED}.AppStore|x64.ActiveCfg = Release|Any CPU
		{741521F8-F9D8-40F4-A5D4-AED4E26841ED}.AppStore|x86.ActiveCfg = Release|x86
		{741521F8-F9D8-40F4-A5D4-AED4E26841ED}.AppStore|x86.Build.0 = Release|x86
		{741521F8-F9D8-40F4-A5D4-AED4E26841ED}.Debug|Any CPU.ActiveCfg = Debug|Any CPU
		{741521F8-F9D8-40F4-A5D4-AED4E26841ED}.Debug|Any CPU.Build.0 = Debug|Any CPU
		{741521F8-F9D8-40F4-A5D4-AED4E26841ED}.Debug|ARM.ActiveCfg = Debug|ARM
		{741521F8-F9D8-40F4-A5D4-AED4E26841ED}.Debug|ARM.Build.0 = Debug|ARM
		{741521F8-F9D8-40F4-A5D4-AED4E26841ED}.Debug|iPhone.ActiveCfg = Debug|Any CPU
		{741521F8-F9D8-40F4-A5D4-AED4E26841ED}.Debug|iPhoneSimulator.ActiveCfg = Debug|Any CPU
		{741521F8-F9D8-40F4-A5D4-AED4E26841ED}.Debug|Mixed Platforms.ActiveCfg = Debug|x86
		{741521F8-F9D8-40F4-A5D4-AED4E26841ED}.Debug|Mixed Platforms.Build.0 = Debug|x86
		{741521F8-F9D8-40F4-A5D4-AED4E26841ED}.Debug|x64.ActiveCfg = Debug|Any CPU
		{741521F8-F9D8-40F4-A5D4-AED4E26841ED}.Debug|x86.ActiveCfg = Debug|x86
		{741521F8-F9D8-40F4-A5D4-AED4E26841ED}.Debug|x86.Build.0 = Debug|x86
		{741521F8-F9D8-40F4-A5D4-AED4E26841ED}.Release|Any CPU.ActiveCfg = Release|Any CPU
		{741521F8-F9D8-40F4-A5D4-AED4E26841ED}.Release|Any CPU.Build.0 = Release|Any CPU
		{741521F8-F9D8-40F4-A5D4-AED4E26841ED}.Release|ARM.ActiveCfg = Release|ARM
		{741521F8-F9D8-40F4-A5D4-AED4E26841ED}.Release|ARM.Build.0 = Release|ARM
		{741521F8-F9D8-40F4-A5D4-AED4E26841ED}.Release|iPhone.ActiveCfg = Release|Any CPU
		{741521F8-F9D8-40F4-A5D4-AED4E26841ED}.Release|iPhoneSimulator.ActiveCfg = Release|Any CPU
		{741521F8-F9D8-40F4-A5D4-AED4E26841ED}.Release|Mixed Platforms.ActiveCfg = Release|x86
		{741521F8-F9D8-40F4-A5D4-AED4E26841ED}.Release|Mixed Platforms.Build.0 = Release|x86
		{741521F8-F9D8-40F4-A5D4-AED4E26841ED}.Release|x64.ActiveCfg = Release|Any CPU
		{741521F8-F9D8-40F4-A5D4-AED4E26841ED}.Release|x86.ActiveCfg = Release|x86
		{741521F8-F9D8-40F4-A5D4-AED4E26841ED}.Release|x86.Build.0 = Release|x86
		{BC4BFEB2-05EE-4EAD-BC41-023BFB79F187}.Ad-Hoc|Any CPU.ActiveCfg = Release|Any CPU
		{BC4BFEB2-05EE-4EAD-BC41-023BFB79F187}.Ad-Hoc|Any CPU.Build.0 = Release|Any CPU
		{BC4BFEB2-05EE-4EAD-BC41-023BFB79F187}.Ad-Hoc|ARM.ActiveCfg = Release|ARM
		{BC4BFEB2-05EE-4EAD-BC41-023BFB79F187}.Ad-Hoc|ARM.Build.0 = Release|ARM
		{BC4BFEB2-05EE-4EAD-BC41-023BFB79F187}.Ad-Hoc|iPhone.ActiveCfg = Release|Any CPU
		{BC4BFEB2-05EE-4EAD-BC41-023BFB79F187}.Ad-Hoc|iPhoneSimulator.ActiveCfg = Release|Any CPU
		{BC4BFEB2-05EE-4EAD-BC41-023BFB79F187}.Ad-Hoc|Mixed Platforms.ActiveCfg = Release|x86
		{BC4BFEB2-05EE-4EAD-BC41-023BFB79F187}.Ad-Hoc|Mixed Platforms.Build.0 = Release|x86
		{BC4BFEB2-05EE-4EAD-BC41-023BFB79F187}.Ad-Hoc|x64.ActiveCfg = Release|Any CPU
		{BC4BFEB2-05EE-4EAD-BC41-023BFB79F187}.Ad-Hoc|x86.ActiveCfg = Release|x86
		{BC4BFEB2-05EE-4EAD-BC41-023BFB79F187}.Ad-Hoc|x86.Build.0 = Release|x86
		{BC4BFEB2-05EE-4EAD-BC41-023BFB79F187}.AppStore|Any CPU.ActiveCfg = Release|Any CPU
		{BC4BFEB2-05EE-4EAD-BC41-023BFB79F187}.AppStore|Any CPU.Build.0 = Release|Any CPU
		{BC4BFEB2-05EE-4EAD-BC41-023BFB79F187}.AppStore|ARM.ActiveCfg = Release|ARM
		{BC4BFEB2-05EE-4EAD-BC41-023BFB79F187}.AppStore|ARM.Build.0 = Release|ARM
		{BC4BFEB2-05EE-4EAD-BC41-023BFB79F187}.AppStore|iPhone.ActiveCfg = Release|Any CPU
		{BC4BFEB2-05EE-4EAD-BC41-023BFB79F187}.AppStore|iPhoneSimulator.ActiveCfg = Release|Any CPU
		{BC4BFEB2-05EE-4EAD-BC41-023BFB79F187}.AppStore|Mixed Platforms.ActiveCfg = Release|x86
		{BC4BFEB2-05EE-4EAD-BC41-023BFB79F187}.AppStore|Mixed Platforms.Build.0 = Release|x86
		{BC4BFEB2-05EE-4EAD-BC41-023BFB79F187}.AppStore|x64.ActiveCfg = Release|Any CPU
		{BC4BFEB2-05EE-4EAD-BC41-023BFB79F187}.AppStore|x86.ActiveCfg = Release|x86
		{BC4BFEB2-05EE-4EAD-BC41-023BFB79F187}.AppStore|x86.Build.0 = Release|x86
		{BC4BFEB2-05EE-4EAD-BC41-023BFB79F187}.Debug|Any CPU.ActiveCfg = Debug|Any CPU
		{BC4BFEB2-05EE-4EAD-BC41-023BFB79F187}.Debug|Any CPU.Build.0 = Debug|Any CPU
		{BC4BFEB2-05EE-4EAD-BC41-023BFB79F187}.Debug|ARM.ActiveCfg = Debug|ARM
		{BC4BFEB2-05EE-4EAD-BC41-023BFB79F187}.Debug|ARM.Build.0 = Debug|ARM
		{BC4BFEB2-05EE-4EAD-BC41-023BFB79F187}.Debug|iPhone.ActiveCfg = Debug|Any CPU
		{BC4BFEB2-05EE-4EAD-BC41-023BFB79F187}.Debug|iPhoneSimulator.ActiveCfg = Debug|Any CPU
		{BC4BFEB2-05EE-4EAD-BC41-023BFB79F187}.Debug|Mixed Platforms.ActiveCfg = Debug|x86
		{BC4BFEB2-05EE-4EAD-BC41-023BFB79F187}.Debug|Mixed Platforms.Build.0 = Debug|x86
		{BC4BFEB2-05EE-4EAD-BC41-023BFB79F187}.Debug|x64.ActiveCfg = Debug|Any CPU
		{BC4BFEB2-05EE-4EAD-BC41-023BFB79F187}.Debug|x86.ActiveCfg = Debug|x86
		{BC4BFEB2-05EE-4EAD-BC41-023BFB79F187}.Debug|x86.Build.0 = Debug|x86
		{BC4BFEB2-05EE-4EAD-BC41-023BFB79F187}.Release|Any CPU.ActiveCfg = Release|Any CPU
		{BC4BFEB2-05EE-4EAD-BC41-023BFB79F187}.Release|Any CPU.Build.0 = Release|Any CPU
		{BC4BFEB2-05EE-4EAD-BC41-023BFB79F187}.Release|ARM.ActiveCfg = Release|ARM
		{BC4BFEB2-05EE-4EAD-BC41-023BFB79F187}.Release|ARM.Build.0 = Release|ARM
		{BC4BFEB2-05EE-4EAD-BC41-023BFB79F187}.Release|iPhone.ActiveCfg = Release|Any CPU
		{BC4BFEB2-05EE-4EAD-BC41-023BFB79F187}.Release|iPhoneSimulator.ActiveCfg = Release|Any CPU
		{BC4BFEB2-05EE-4EAD-BC41-023BFB79F187}.Release|Mixed Platforms.ActiveCfg = Release|x86
		{BC4BFEB2-05EE-4EAD-BC41-023BFB79F187}.Release|Mixed Platforms.Build.0 = Release|x86
		{BC4BFEB2-05EE-4EAD-BC41-023BFB79F187}.Release|x64.ActiveCfg = Release|Any CPU
		{BC4BFEB2-05EE-4EAD-BC41-023BFB79F187}.Release|x86.ActiveCfg = Release|x86
		{BC4BFEB2-05EE-4EAD-BC41-023BFB79F187}.Release|x86.Build.0 = Release|x86
	EndGlobalSection
	GlobalSection(SolutionProperties) = preSolution
		HideSolutionNode = FALSE
	EndGlobalSection
	GlobalSection(NestedProjects) = preSolution
		{C243C284-B80D-42DA-BD48-AC88F060B3B5} = {444CABE9-2F3A-478F-AF7C-FAF8FE99F0D9}
		{B4844109-BDDF-43CA-A7C0-9F6073CE7960} = {444CABE9-2F3A-478F-AF7C-FAF8FE99F0D9}
		{CF477CAF-84F8-40FB-B971-C413E0B0F57B} = {444CABE9-2F3A-478F-AF7C-FAF8FE99F0D9}
		{AD36BD6F-07B5-4C3B-A196-1EA714E58F76} = {04353D88-88F2-4837-B750-AF4C09271B12}
		{2B84BBC1-8E46-41B8-B182-F0D5C637D768} = {58FD55E1-6E66-4DCF-92E5-F922F0A43D60}
		{EFC2BB6A-9B58-454A-9B47-3F92E8B1D94F} = {58FD55E1-6E66-4DCF-92E5-F922F0A43D60}
		{9DC63D9C-F913-43E6-82C2-5E5618E22416} = {D05B25C1-9C2A-42F4-A293-3E4260CBD012}
		{741521F8-F9D8-40F4-A5D4-AED4E26841ED} = {FE470AFE-3EAB-4EB9-B048-156863FC4538}
		{BC4BFEB2-05EE-4EAD-BC41-023BFB79F187} = {FE470AFE-3EAB-4EB9-B048-156863FC4538}
	EndGlobalSection
EndGlobal
